# @generated - this file is auto-generated by `mise lock` https://mise.jdx.dev/dev-tools/mise-lock.html

[[tools."aqua:skaji/relocatable-perl"]]
version = "5.44.0.0"
backend = "aqua:skaji/relocatable-perl"

[tools."aqua:skaji/relocatable-perl"."platforms.linux-arm64"]
checksum = "sha256:b1a3aa7be1ea0239a29e503b63a52a694371670d4dc535c716d9a16ea2aaa453"
url = "https://github.com/skaji/relocatable-perl/releases/download/5.44.0.0/perl-linux-arm64.tar.gz"
url_api = "https://api.github.com/repos/skaji/relocatable-perl/releases/assets/478554568"
provenance = "github-attestations"

[tools."aqua:skaji/relocatable-perl"."platforms.linux-arm64-musl"]
checksum = "sha256:b1a3aa7be1ea0239a29e503b63a52a694371670d4dc535c716d9a16ea2aaa453"
url = "https://github.com/skaji/relocatable-perl/releases/download/5.44.0.0/perl-linux-arm64.tar.gz"
url_api = "https://api.github.com/repos/skaji/relocatable-perl/releases/assets/478554568"
provenance = "github-attestations"

[tools."aqua:skaji/relocatable-perl"."platforms.linux-x64"]
checksum = "sha256:99fa984bab4eb536dae9630d5d47f3f5bd23a71c361d94dc6ef3a68a7186dcb0"
url = "https://github.com/skaji/relocatable-perl/releases/download/5.44.0.0/perl-linux-amd64.tar.gz"
url_api = "https://api.github.com/repos/skaji/relocatable-perl/releases/assets/478554569"
provenance = "github-attestations"

[tools."aqua:skaji/relocatable-perl"."platforms.linux-x64-musl"]
checksum = "sha256:99fa984bab4eb536dae9630d5d47f3f5bd23a71c361d94dc6ef3a68a7186dcb0"
url = "https://github.com/skaji/relocatable-perl/releases/download/5.44.0.0/perl-linux-amd64.tar.gz"
url_api = "https://api.github.com/repos/skaji/relocatable-perl/releases/assets/478554569"
provenance = "github-attestations"

[tools."aqua:skaji/relocatable-perl"."platforms.macos-arm64"]
checksum = "sha256:213733e18662720a3d25fd6e1adeddd05f56ce50b5e1f8bc6bd194e3f43e44d2"
url = "https://github.com/skaji/relocatable-perl/releases/download/5.44.0.0/perl-darwin-arm64.tar.gz"
url_api = "https://api.github.com/repos/skaji/relocatable-perl/releases/assets/478554580"
provenance = "github-attestations"

[tools."aqua:skaji/relocatable-perl"."platforms.macos-x64"]
checksum = "sha256:1898662f3526d87e666fc9000a6ce8ef6d8a81fcc072c998eafae8004389619b"
url = "https://github.com/skaji/relocatable-perl/releases/download/5.44.0.0/perl-darwin-amd64.tar.gz"
url_api = "https://api.github.com/repos/skaji/relocatable-perl/releases/assets/478554571"
provenance = "github-attestations"

[[tools."github:EmbarkStudios/cargo-about"]]
version = "0.9.1"
backend = "github:EmbarkStudios/cargo-about"

[tools."github:EmbarkStudios/cargo-about"."platforms.linux-arm64"]
checksum = "sha256:d13ff19fedb566f859831c0b71c22120e7c598c7753d5f1018dd7353c6ced02a"
url = "https://github.com/EmbarkStudios/cargo-about/releases/download/0.9.1/cargo-about-0.9.1-aarch64-unknown-linux-musl.tar.gz"
url_api = "https://api.github.com/repos/EmbarkStudios/cargo-about/releases/assets/461985054"

[tools."github:EmbarkStudios/cargo-about"."platforms.linux-arm64-musl"]
checksum = "sha256:d13ff19fedb566f859831c0b71c22120e7c598c7753d5f1018dd7353c6ced02a"
url = "https://github.com/EmbarkStudios/cargo-about/releases/download/0.9.1/cargo-about-0.9.1-aarch64-unknown-linux-musl.tar.gz"
url_api = "https://api.github.com/repos/EmbarkStudios/cargo-about/releases/assets/461985054"

[tools."github:EmbarkStudios/cargo-about"."platforms.linux-x64"]
checksum = "sha256:c0e7dc6f5d74b0beec5c0053d39ab24514c717d19acd91886907a22457ea9e98"
url = "https://github.com/EmbarkStudios/cargo-about/releases/download/0.9.1/cargo-about-0.9.1-x86_64-unknown-linux-musl.tar.gz"
url_api = "https://api.github.com/repos/EmbarkStudios/cargo-about/releases/assets/461984931"

[tools."github:EmbarkStudios/cargo-about"."platforms.linux-x64-musl"]
checksum = "sha256:c0e7dc6f5d74b0beec5c0053d39ab24514c717d19acd91886907a22457ea9e98"
url = "https://github.com/EmbarkStudios/cargo-about/releases/download/0.9.1/cargo-about-0.9.1-x86_64-unknown-linux-musl.tar.gz"
url_api = "https://api.github.com/repos/EmbarkStudios/cargo-about/releases/assets/461984931"

[tools."github:EmbarkStudios/cargo-about"."platforms.macos-arm64"]
checksum = "sha256:6a38fe166d17a674269d4373256c0b6bd93acc2553e12de0517cb9ecc73c9c02"
url = "https://github.com/EmbarkStudios/cargo-about/releases/download/0.9.1/cargo-about-0.9.1-aarch64-apple-darwin.tar.gz"
url_api = "https://api.github.com/repos/EmbarkStudios/cargo-about/releases/assets/461984679"

[tools."github:EmbarkStudios/cargo-about"."platforms.windows-x64"]
checksum = "sha256:318893aff6b9efd60f70470f5827b9577ae20a805cf9732d5612862a78508581"
url = "https://github.com/EmbarkStudios/cargo-about/releases/download/0.9.1/cargo-about-0.9.1-x86_64-pc-windows-msvc.tar.gz"
url_api = "https://api.github.com/repos/EmbarkStudios/cargo-about/releases/assets/461986502"

[[tools."github:Infisical/cli"]]
version = "0.43.121"
backend = "github:Infisical/cli"

[tools."github:Infisical/cli"."platforms.linux-arm64"]
checksum = "sha256:6d2b25936447ba1b97aa9ae6d3a07b2de68780fcf4238a06fbdf2a1fa0b07082"
url = "https://github.com/Infisical/cli/releases/download/v0.43.121/cli_0.43.121_linux_arm64.tar.gz"
url_api = "https://api.github.com/repos/Infisical/cli/releases/assets/505765687"

[tools."github:Infisical/cli"."platforms.linux-arm64-musl"]
checksum = "sha256:6d2b25936447ba1b97aa9ae6d3a07b2de68780fcf4238a06fbdf2a1fa0b07082"
url = "https://github.com/Infisical/cli/releases/download/v0.43.121/cli_0.43.121_linux_arm64.tar.gz"
url_api = "https://api.github.com/repos/Infisical/cli/releases/assets/505765687"

[tools."github:Infisical/cli"."platforms.linux-x64"]
checksum = "sha256:0b4f6d13e742c6e6cb67a2f67560aa508308aef277a82360263f56fcbee33be8"
url = "https://github.com/Infisical/cli/releases/download/v0.43.121/cli_0.43.121_linux_amd64.tar.gz"
url_api = "https://api.github.com/repos/Infisical/cli/releases/assets/505765688"

[tools."github:Infisical/cli"."platforms.linux-x64-musl"]
checksum = "sha256:0b4f6d13e742c6e6cb67a2f67560aa508308aef277a82360263f56fcbee33be8"
url = "https://github.com/Infisical/cli/releases/download/v0.43.121/cli_0.43.121_linux_amd64.tar.gz"
url_api = "https://api.github.com/repos/Infisical/cli/releases/assets/505765688"

[tools."github:Infisical/cli"."platforms.macos-arm64"]
checksum = "sha256:996b3dbc2e4e7d89861d70588bc7e6fec7d3593c460aafddc7f043e6963baa22"
url = "https://github.com/Infisical/cli/releases/download/v0.43.121/cli_0.43.121_darwin_arm64.tar.gz"
url_api = "https://api.github.com/repos/Infisical/cli/releases/assets/505759719"

[tools."github:Infisical/cli"."platforms.macos-x64"]
checksum = "sha256:56a65b4cbb13c2515a3d3fc204a9a0f07f5cab0414747ea4af0c837736fdd291"
url = "https://github.com/Infisical/cli/releases/download/v0.43.121/cli_0.43.121_darwin_amd64.tar.gz"
url_api = "https://api.github.com/repos/Infisical/cli/releases/assets/505759721"

[tools."github:Infisical/cli"."platforms.windows-x64"]
checksum = "sha256:88578aa080da8f4cf96ff9c0821624350d1fe122ac59dd2917c6991ecb874101"
url = "https://github.com/Infisical/cli/releases/download/v0.43.121/cli_0.43.121_windows_amd64.zip"
url_api = "https://api.github.com/repos/Infisical/cli/releases/assets/505765684"

[[tools."github:StrawberryPerl/Perl-Dist-Strawberry"]]
version = "SP_54231_64bit"
backend = "github:StrawberryPerl/Perl-Dist-Strawberry"

[tools."github:StrawberryPerl/Perl-Dist-Strawberry".options]
matching = "portable"

[tools."github:StrawberryPerl/Perl-Dist-Strawberry"."platforms.linux-arm64"]
checksum = "sha256:6a081a811781c30aca51dbc036afd93092af91e3297901f02c17043795a10690"
url = "https://github.com/StrawberryPerl/Perl-Dist-Strawberry/releases/download/SP_54231_64bit/strawberry-perl-5.42.3.1-64bit-portable.zip"
url_api = "https://api.github.com/repos/StrawberryPerl/Perl-Dist-Strawberry/releases/assets/517728145"

[tools."github:StrawberryPerl/Perl-Dist-Strawberry"."platforms.linux-arm64-musl"]
checksum = "sha256:6a081a811781c30aca51dbc036afd93092af91e3297901f02c17043795a10690"
url = "https://github.com/StrawberryPerl/Perl-Dist-Strawberry/releases/download/SP_54231_64bit/strawberry-perl-5.42.3.1-64bit-portable.zip"
url_api = "https://api.github.com/repos/StrawberryPerl/Perl-Dist-Strawberry/releases/assets/517728145"

[tools."github:StrawberryPerl/Perl-Dist-Strawberry"."platforms.linux-x64"]
checksum = "sha256:6a081a811781c30aca51dbc036afd93092af91e3297901f02c17043795a10690"
url = "https://github.com/StrawberryPerl/Perl-Dist-Strawberry/releases/download/SP_54231_64bit/strawberry-perl-5.42.3.1-64bit-portable.zip"
url_api = "https://api.github.com/repos/StrawberryPerl/Perl-Dist-Strawberry/releases/assets/517728145"

[tools."github:StrawberryPerl/Perl-Dist-Strawberry"."platforms.linux-x64-musl"]
checksum = "sha256:6a081a811781c30aca51dbc036afd93092af91e3297901f02c17043795a10690"
url = "https://github.com/StrawberryPerl/Perl-Dist-Strawberry/releases/download/SP_54231_64bit/strawberry-perl-5.42.3.1-64bit-portable.zip"
url_api = "https://api.github.com/repos/StrawberryPerl/Perl-Dist-Strawberry/releases/assets/517728145"

[tools."github:StrawberryPerl/Perl-Dist-Strawberry"."platforms.macos-arm64"]
checksum = "sha256:6a081a811781c30aca51dbc036afd93092af91e3297901f02c17043795a10690"
url = "https://github.com/StrawberryPerl/Perl-Dist-Strawberry/releases/download/SP_54231_64bit/strawberry-perl-5.42.3.1-64bit-portable.zip"
url_api = "https://api.github.com/repos/StrawberryPerl/Perl-Dist-Strawberry/releases/assets/517728145"

[tools."github:StrawberryPerl/Perl-Dist-Strawberry"."platforms.macos-x64"]
checksum = "sha256:6a081a811781c30aca51dbc036afd93092af91e3297901f02c17043795a10690"
url = "https://github.com/StrawberryPerl/Perl-Dist-Strawberry/releases/download/SP_54231_64bit/strawberry-perl-5.42.3.1-64bit-portable.zip"
url_api = "https://api.github.com/repos/StrawberryPerl/Perl-Dist-Strawberry/releases/assets/517728145"

[tools."github:StrawberryPerl/Perl-Dist-Strawberry"."platforms.windows-x64"]
checksum = "sha256:6a081a811781c30aca51dbc036afd93092af91e3297901f02c17043795a10690"
url = "https://github.com/StrawberryPerl/Perl-Dist-Strawberry/releases/download/SP_54231_64bit/strawberry-perl-5.42.3.1-64bit-portable.zip"
url_api = "https://api.github.com/repos/StrawberryPerl/Perl-Dist-Strawberry/releases/assets/517728145"

[[tools.java]]
version = "21.0.2"
backend = "core:java"

[tools.java.options]
shorthand_vendor = "openjdk"

[tools.java."platforms.linux-arm64"]
checksum = "sha256:08db1392a48d4eb5ea5315cf8f18b89dbaf36cda663ba882cf03c704c9257ec2"
url = "https://download.java.net/java/GA/jdk21.0.2/f2283984656d49d69e91c558476027ac/13/GPL/openjdk-21.0.2_linux-aarch64_bin.tar.gz"

[tools.java."platforms.linux-x64"]
checksum = "sha256:a2def047a73941e01a73739f92755f86b895811afb1f91243db214cff5bdac3f"
url = "https://download.java.net/java/GA/jdk21.0.2/f2283984656d49d69e91c558476027ac/13/GPL/openjdk-21.0.2_linux-x64_bin.tar.gz"

[tools.java."platforms.macos-arm64"]
checksum = "sha256:b3d588e16ec1e0ef9805d8a696591bd518a5cea62567da8f53b5ce32d11d22e4"
url = "https://download.java.net/java/GA/jdk21.0.2/f2283984656d49d69e91c558476027ac/13/GPL/openjdk-21.0.2_macos-aarch64_bin.tar.gz"

[tools.java."platforms.macos-x64"]
checksum = "sha256:8fd09e15dc406387a0aba70bf5d99692874e999bf9cd9208b452b5d76ac922d3"
url = "https://download.java.net/java/GA/jdk21.0.2/f2283984656d49d69e91c558476027ac/13/GPL/openjdk-21.0.2_macos-x64_bin.tar.gz"

[tools.java."platforms.windows-x64"]
checksum = "sha256:b6c17e747ae78cdd6de4d7532b3164b277daee97c007d3eaa2b39cca99882664"
url = "https://download.java.net/java/GA/jdk21.0.2/f2283984656d49d69e91c558476027ac/13/GPL/openjdk-21.0.2_windows-x64_bin.zip"

[[tools.node]]
version = "22.23.2"
backend = "core:node"

[tools.node."platforms.linux-arm64"]
checksum = "sha256:013b59cfd2819703a6f4a14ab891fc46fc2a4e3f5bcd92de3fb4929b43e35b30"
url = "https://nodejs.org/dist/v22.23.2/node-v22.23.2-linux-arm64.tar.gz"

[tools.node."platforms.linux-arm64-musl"]
checksum = "sha256:b7a1a2b1c7c76e47550f17764676939840e0a64b4d04bdd375a4ac14bccaa8d8"
url = "https://unofficial-builds.nodejs.org/download/release/v22.23.2/node-v22.23.2-linux-arm64-musl.tar.gz"

[tools.node."platforms.linux-x64"]
checksum = "sha256:b294a556e639d64338823920e5866c21c02741742d2e1529ee1a225c1ec9252a"
url = "https://nodejs.org/dist/v22.23.2/node-v22.23.2-linux-x64.tar.gz"

[tools.node."platforms.linux-x64-musl"]
checksum = "sha256:396e11ee609eb2e5cb990f045c4d037aa47b2c247f3cecb01c5c162e33ffa9af"
url = "https://unofficial-builds.nodejs.org/download/release/v22.23.2/node-v22.23.2-linux-x64-musl.tar.gz"

[tools.node."platforms.macos-arm64"]
checksum = "sha256:61130f394c1630d211dd50aecc4353d379480f36d3ac913cd85dbba1aed585c6"
url = "https://nodejs.org/dist/v22.23.2/node-v22.23.2-darwin-arm64.tar.gz"

[tools.node."platforms.macos-x64"]
checksum = "sha256:58e99022c2ff89395576cc7fd4d98cea24bb68081475d5f88b801ee8729fb026"
url = "https://nodejs.org/dist/v22.23.2/node-v22.23.2-darwin-x64.tar.gz"

[tools.node."platforms.windows-x64"]
checksum = "sha256:1177b4137ba5adaa56354ae40f1080c7450e8ae09cecb47da459d1c52ac99f97"
url = "https://nodejs.org/dist/v22.23.2/node-v22.23.2-win-x64.zip"

[[tools.pnpm]]
version = "11.15.1"
backend = "aqua:pnpm/pnpm"

[tools.pnpm."platforms.linux-arm64"]
checksum = "sha256:361e385867146972d0635a41a1871cb44c9c23f65acce78a5f1ca1d44ac0afcd"
url = "https://github.com/pnpm/pnpm/releases/download/v11.15.1/pnpm-linux-arm64.tar.gz"
url_api = "https://api.github.com/repos/pnpm/pnpm/releases/assets/482780455"
provenance = "github-attestations"

[tools.pnpm."platforms.linux-arm64-musl"]
checksum = "sha256:5e293db656ee6a54387945572e06f08245140a7427c8e67b821d56471f373b77"
url = "https://github.com/pnpm/pnpm/releases/download/v11.15.1/pnpm-linux-arm64-musl.tar.gz"
url_api = "https://api.github.com/repos/pnpm/pnpm/releases/assets/482780459"
provenance = "github-attestations"

[tools.pnpm."platforms.linux-x64"]
checksum = "sha256:0c1373b6390f6b89ff8b896d3647c9826577ddc49173a2f732da69b36569f9e0"
url = "https://github.com/pnpm/pnpm/releases/download/v11.15.1/pnpm-linux-x64.tar.gz"
url_api = "https://api.github.com/repos/pnpm/pnpm/releases/assets/482780457"
provenance = "github-attestations"

[tools.pnpm."platforms.linux-x64-musl"]
checksum = "sha256:593039435b88cb4e15c60c18ba032a1ae6a28159287199f20aacc44ad553a094"
url = "https://github.com/pnpm/pnpm/releases/download/v11.15.1/pnpm-linux-x64-musl.tar.gz"
url_api = "https://api.github.com/repos/pnpm/pnpm/releases/assets/482780453"
provenance = "github-attestations"

[tools.pnpm."platforms.macos-arm64"]
checksum = "sha256:4ff53ecc9de8df115d4efef60eab77f91be4f8237cdaca078351a22e707d1849"
url = "https://github.com/pnpm/pnpm/releases/download/v11.15.1/pnpm-darwin-arm64.tar.gz"
url_api = "https://api.github.com/repos/pnpm/pnpm/releases/assets/482780456"
provenance = "github-attestations"

[tools.pnpm."platforms.windows-x64"]
checksum = "sha256:e9179d727211d5556e969fccfa36f828392892c54728a711c9da1cc3093f7900"
url = "https://github.com/pnpm/pnpm/releases/download/v11.15.1/pnpm-win32-x64.zip"
url_api = "https://api.github.com/repos/pnpm/pnpm/releases/assets/482780452"
provenance = "github-attestations"

[[tools.rust]]
version = "1.97.1"
backend = "core:rust"

[tools.rust.options]
components = "rust-analyzer"
targets = "aarch64-linux-android,armv7-linux-androideabi,i686-linux-android,x86_64-linux-android"
